
Microsoft Visual Studio Solution File, Format Version 12.00
# Visual Studio 15
Project("{FAE04EC0-301F-11D3-BF4B-00C04F79EFBC}") = "Assembly-CSharp", "Assembly-CSharp.csproj", "{6EA6D098-8428-D860-24E1-F54E437D6194}"
EndProject
Project("{FAE04EC0-301F-11D3-BF4B-00C04F79EFBC}") = "CFXRRuntime", "CFXRRuntime.csproj", "{DC47D36D-6376-D582-9326-AB627726BE32}"
EndProject
Project("{FAE04EC0-301F-11D3-BF4B-00C04F79EFBC}") = "CFXRDemo", "CFXRDemo.csproj", "{606D4B1B-C2CD-D772-CD16-CC21063D12E9}"
EndProject
Project("{FAE04EC0-301F-11D3-BF4B-00C04F79EFBC}") = "KinoBloom.Runtime", "KinoBloom.Runtime.csproj", "{24D061E1-D11F-6F73-44DA-DED0978345FC}"
EndProject
Project("{FAE04EC0-301F-11D3-BF4B-00C04F79EFBC}") = "CFXR.WelcomeScreen", "CFXR.WelcomeScreen.csproj", "{54887D32-C7B7-5D59-A02B-6E721EFF2293}"
EndProject
Project("{FAE04EC0-301F-11D3-BF4B-00C04F79EFBC}") = "CFXREditor", "CFXREditor.csproj", "{BCDA2DE7-0A81-5491-E224-CEDF684E8032}"
EndProject
Project("{FAE04EC0-301F-11D3-BF4B-00C04F79EFBC}") = "ToonyColorsPro.Demo.Editor", "ToonyColorsPro.Demo.Editor.csproj", "{B1548235-1987-C135-AA0D-5B845B353EC1}"
EndProject
Global
	GlobalSection(SolutionConfigurationPlatforms) = preSolution
		Debug|Any CPU = Debug|Any CPU
		Release|Any CPU = Release|Any CPU
	EndGlobalSection
	GlobalSection(ProjectConfigurationPlatforms) = postSolution
		{6EA6D098-8428-D860-24E1-F54E437D6194}.Debug|Any CPU.ActiveCfg = Debug|Any CPU
		{6EA6D098-8428-D860-24E1-F54E437D6194}.Debug|Any CPU.Build.0 = Debug|Any CPU
		{6EA6D098-8428-D860-24E1-F54E437D6194}.Release|Any CPU.ActiveCfg = Release|Any CPU
		{6EA6D098-8428-D860-24E1-F54E437D6194}.Release|Any CPU.Build.0 = Release|Any CPU
		{DC47D36D-6376-D582-9326-AB627726BE32}.Debug|Any CPU.ActiveCfg = Debug|Any CPU
		{DC47D36D-6376-D582-9326-AB627726BE32}.Debug|Any CPU.Build.0 = Debug|Any CPU
		{DC47D36D-6376-D582-9326-AB627726BE32}.Release|Any CPU.ActiveCfg = Release|Any CPU
		{DC47D36D-6376-D582-9326-AB627726BE32}.Release|Any CPU.Build.0 = Release|Any CPU
		{606D4B1B-C2CD-D772-CD16-CC21063D12E9}.Debug|Any CPU.ActiveCfg = Debug|Any CPU
		{606D4B1B-C2CD-D772-CD16-CC21063D12E9}.Debug|Any CPU.Build.0 = Debug|Any CPU
		{606D4B1B-C2CD-D772-CD16-CC21063D12E9}.Release|Any CPU.ActiveCfg = Release|Any CPU
		{606D4B1B-C2CD-D772-CD16-CC21063D12E9}.Release|Any CPU.Build.0 = Release|Any CPU
		{24D061E1-D11F-6F73-44DA-DED0978345FC}.Debug|Any CPU.ActiveCfg = Debug|Any CPU
		{24D061E1-D11F-6F73-44DA-DED0978345FC}.Debug|Any CPU.Build.0 = Debug|Any CPU
		{24D061E1-D11F-6F73-44DA-DED0978345FC}.Release|Any CPU.ActiveCfg = Release|Any CPU
		{24D061E1-D11F-6F73-44DA-DED0978345FC}.Release|Any CPU.Build.0 = Release|Any CPU
		{54887D32-C7B7-5D59-A02B-6E721EFF2293}.Debug|Any CPU.ActiveCfg = Debug|Any CPU
		{54887D32-C7B7-5D59-A02B-6E721EFF2293}.Debug|Any CPU.Build.0 = Debug|Any CPU
		{54887D32-C7B7-5D59-A02B-6E721EFF2293}.Release|Any CPU.ActiveCfg = Release|Any CPU
		{54887D32-C7B7-5D59-A02B-6E721EFF2293}.Release|Any CPU.Build.0 = Release|Any CPU
		{BCDA2DE7-0A81-5491-E224-CEDF684E8032}.Debug|Any CPU.ActiveCfg = Debug|Any CPU
		{BCDA2DE7-0A81-5491-E224-CEDF684E8032}.Debug|Any CPU.Build.0 = Debug|Any CPU
		{BCDA2DE7-0A81-5491-E224-CEDF684E8032}.Release|Any CPU.ActiveCfg = Release|Any CPU
		{BCDA2DE7-0A81-5491-E224-CEDF684E8032}.Release|Any CPU.Build.0 = Release|Any CPU
		{B1548235-1987-C135-AA0D-5B845B353EC1}.Debug|Any CPU.ActiveCfg = Debug|Any CPU
		{B1548235-1987-C135-AA0D-5B845B353EC1}.Debug|Any CPU.Build.0 = Debug|Any CPU
		{B1548235-1987-C135-AA0D-5B845B353EC1}.Release|Any CPU.ActiveCfg = Release|Any CPU
		{B1548235-1987-C135-AA0D-5B845B353EC1}.Release|Any CPU.Build.0 = Release|Any CPU
	EndGlobalSection
	GlobalSection(SolutionProperties) = preSolution
		HideSolutionNode = FALSE
	EndGlobalSection
EndGlobal
